
Microsoft Visual Studio Solution File, Format Version 12.00
# Visual Studio Version 17
VisualStudioVersion = 17.0.32014.148
MinimumVisualStudioVersion = 10.0.40219.1
Project("{FAE04EC0-301F-11D3-BF4B-00C04F79EFBC}") = "Aranzadi.DocumentAnalysis.Messaging", "Aranzadi.DocumentAnalysis.Messaging\Aranzadi.DocumentAnalysis.Messaging.csproj", "{BB0ABA6B-ADD1-44BC-B90B-60BF4EE555BE}"
EndProject
Project("{FAE04EC0-301F-11D3-BF4B-00C04F79EFBC}") = "Aranzadi.DocumentAnalysis.DTO", "Aranzadi.DocumentAnalysis.DTO\Aranzadi.DocumentAnalysis.DTO.csproj", "{9591B8A6-84EF-4185-BE06-50906891EB5B}"
EndProject
Project("{FAE04EC0-301F-11D3-BF4B-00C04F79EFBC}") = "Aranzadi.DocumentAnalysis.Messaging.Test", "Aranzadi.DocumentAnalysis.Messaging.Test\Aranzadi.DocumentAnalysis.Messaging.Test.csproj", "{F056BC34-9A1D-4586-9267-769375F6279D}"
EndProject
Global
	GlobalSection(SolutionConfigurationPlatforms) = preSolution
		Debug|Any CPU = Debug|Any CPU
		Release|Any CPU = Release|Any CPU
	EndGlobalSection
	GlobalSection(ProjectConfigurationPlatforms) = postSolution
		{BB0ABA6B-ADD1-44BC-B90B-60BF4EE555BE}.Debug|Any CPU.ActiveCfg = Debug|Any CPU
		{BB0ABA6B-ADD1-44BC-B90B-60BF4EE555BE}.Debug|Any CPU.Build.0 = Debug|Any CPU
		{BB0ABA6B-ADD1-44BC-B90B-60BF4EE555BE}.Release|Any CPU.ActiveCfg = Release|Any CPU
		{BB0ABA6B-ADD1-44BC-B90B-60BF4EE555BE}.Release|Any CPU.Build.0 = Release|Any CPU
		{9591B8A6-84EF-4185-BE06-50906891EB5B}.Debug|Any CPU.ActiveCfg = Debug|Any CPU
		{9591B8A6-84EF-4185-BE06-50906891EB5B}.Debug|Any CPU.Build.0 = Debug|Any CPU
		{9591B8A6-84EF-4185-BE06-50906891EB5B}.Release|Any CPU.ActiveCfg = Release|Any CPU
		{9591B8A6-84EF-4185-BE06-50906891EB5B}.Release|Any CPU.Build.0 = Release|Any CPU
		{F056BC34-9A1D-4586-9267-769375F6279D}.Debug|Any CPU.ActiveCfg = Debug|Any CPU
		{F056BC34-9A1D-4586-9267-769375F6279D}.Debug|Any CPU.Build.0 = Debug|Any CPU
		{F056BC34-9A1D-4586-9267-769375F6279D}.Release|Any CPU.ActiveCfg = Release|Any CPU
		{F056BC34-9A1D-4586-9267-769375F6279D}.Release|Any CPU.Build.0 = Release|Any CPU
	EndGlobalSection
	GlobalSection(SolutionProperties) = preSolution
		HideSolutionNode = FALSE
	EndGlobalSection
	GlobalSection(ExtensibilityGlobals) = postSolution
		SolutionGuid = {286BD339-81D6-4689-B9B4-19E1F50E0ED7}
	EndGlobalSection
EndGlobal
